# THIS IS AN AUTOGENERATED FILE. DO NOT EDIT THIS FILE DIRECTLY.
# yarn lockfile v1


balanced-match@^0.4.1:
  version "0.4.2"
  resolved "https://registry.yarnpkg.com/balanced-match/-/balanced-match-0.4.2.tgz#cb3f3e3c732dc0f01ee70b403f302e61d7709838"

base64url@2.0.0, base64url@^2.0.0:
  version "2.0.0"
  resolved "https://registry.yarnpkg.com/base64url/-/base64url-2.0.0.tgz#eac16e03ea1438eff9423d69baa36262ed1f70bb"

bl@^1.2.0:
  version "1.2.1"
  resolved "https://registry.yarnpkg.com/bl/-/bl-1.2.1.tgz#cac328f7bee45730d404b692203fcb590e172d5e"
  dependencies:
    readable-stream "^2.0.5"

brace-expansion@^1.1.7:
  version "1.1.7"
  resolved "https://registry.yarnpkg.com/brace-expansion/-/brace-expansion-1.1.7.tgz#3effc3c50e000531fb720eaff80f0ae8ef23cf59"
  dependencies:
    balanced-match "^0.4.1"
    concat-map "0.0.1"

buffer-equal-constant-time@1.0.1:
  version "1.0.1"
  resolved "https://registry.yarnpkg.com/buffer-equal-constant-time/-/buffer-equal-constant-time-1.0.1.tgz#f8e71132f7ffe6e01a5c9697a4c6f3e48d5cc819"

buffer-shims@~1.0.0:
  version "1.0.0"
  resolved "https://registry.yarnpkg.com/buffer-shims/-/buffer-shims-1.0.0.tgz#9978ce317388c649ad8793028c3477ef044a8b51"

callback-stream@^1.0.2:
  version "1.1.0"
  resolved "https://registry.yarnpkg.com/callback-stream/-/callback-stream-1.1.0.tgz#4701a51266f06e06eaa71fc17233822d875f4908"
  dependencies:
    inherits "^2.0.1"
    readable-stream "> 1.0.0 < 3.0.0"

commander@2.9.0:
  version "2.9.0"
  resolved "https://registry.yarnpkg.com/commander/-/commander-2.9.0.tgz#9c99094176e12240cb22d6c5146098400fe0f7d4"
  dependencies:
    graceful-readlink ">= 1.0.0"

commist@^1.0.0:
  version "1.0.0"
  resolved "https://registry.yarnpkg.com/commist/-/commist-1.0.0.tgz#c0c352501cf6f52e9124e3ef89c9806e2022ebef"
  dependencies:
    leven "^1.0.0"
    minimist "^1.1.0"

concat-map@0.0.1:
  version "0.0.1"
  resolved "https://registry.yarnpkg.com/concat-map/-/concat-map-0.0.1.tgz#d8a96bd77fd68df7793a73036a3ba0d5405d477b"

concat-stream@^1.6.0:
  version "1.6.0"
  resolved "https://registry.yarnpkg.com/concat-stream/-/concat-stream-1.6.0.tgz#0aac662fd52be78964d5532f694784e70110acf7"
  dependencies:
    inherits "^2.0.3"
    readable-stream "^2.2.2"
    typedarray "^0.0.6"

core-util-is@~1.0.0:
  version "1.0.2"
  resolved "https://registry.yarnpkg.com/core-util-is/-/core-util-is-1.0.2.tgz#b5fd54220aa2bc5ab57aab7140c940754503c1a7"

duplexify@^3.1.2, duplexify@^3.2.0:
  version "3.5.0"
  resolved "https://registry.yarnpkg.com/duplexify/-/duplexify-3.5.0.tgz#1aa773002e1578457e9d9d4a50b0ccaaebcbd604"
  dependencies:
    end-of-stream "1.0.0"
    inherits "^2.0.1"
    readable-stream "^2.0.0"
    stream-shift "^1.0.0"

ecdsa-sig-formatter@1.0.9:
  version "1.0.9"
  resolved "https://registry.yarnpkg.com/ecdsa-sig-formatter/-/ecdsa-sig-formatter-1.0.9.tgz#4bc926274ec3b5abb5016e7e1d60921ac262b2a1"
  dependencies:
    base64url "^2.0.0"
    safe-buffer "^5.0.1"

end-of-stream@1.0.0:
  version "1.0.0"
  resolved "https://registry.yarnpkg.com/end-of-stream/-/end-of-stream-1.0.0.tgz#d4596e702734a93e40e9af864319eabd99ff2f0e"
  dependencies:
    once "~1.3.0"

end-of-stream@^1.1.0:
  version "1.4.0"
  resolved "https://registry.yarnpkg.com/end-of-stream/-/end-of-stream-1.4.0.tgz#7a90d833efda6cfa6eac0f4949dbb0fad3a63206"
  dependencies:
    once "^1.4.0"

extend-shallow@^2.0.1:
  version "2.0.1"
  resolved "https://registry.yarnpkg.com/extend-shallow/-/extend-shallow-2.0.1.tgz#51af7d614ad9a9f610ea1bafbb989d6b1c56890f"
  dependencies:
    is-extendable "^0.1.0"

extend@^3.0.0:
  version "3.0.1"
  resolved "https://registry.yarnpkg.com/extend/-/extend-3.0.1.tgz#a755ea7bc1adfcc5a31ce7e762dbaadc5e636444"

fs.realpath@^1.0.0:
  version "1.0.0"
  resolved "https://registry.yarnpkg.com/fs.realpath/-/fs.realpath-1.0.0.tgz#1504ad2523158caa40db4a2787cb01411994ea4f"

glob-parent@^3.1.0:
  version "3.1.0"
  resolved "https://registry.yarnpkg.com/glob-parent/-/glob-parent-3.1.0.tgz#9e6af6299d8d3bd2bd40430832bd113df906c5ae"
  dependencies:
    is-glob "^3.1.0"
    path-dirname "^1.0.0"

glob-stream@^6.1.0:
  version "6.1.0"
  resolved "https://registry.yarnpkg.com/glob-stream/-/glob-stream-6.1.0.tgz#7045c99413b3eb94888d83ab46d0b404cc7bdde4"
  dependencies:
    extend "^3.0.0"
    glob "^7.1.1"
    glob-parent "^3.1.0"
    is-negated-glob "^1.0.0"
    ordered-read-streams "^1.0.0"
    pumpify "^1.3.5"
    readable-stream "^2.1.5"
    remove-trailing-separator "^1.0.1"
    to-absolute-glob "^2.0.0"
    unique-stream "^2.0.2"

glob@^7.1.1:
  version "7.1.2"
  resolved "https://registry.yarnpkg.com/glob/-/glob-7.1.2.tgz#c19c9df9a028702d678612384a6552404c636d15"
  dependencies:
    fs.realpath "^1.0.0"
    inflight "^1.0.4"
    inherits "2"
    minimatch "^3.0.4"
    once "^1.3.0"
    path-is-absolute "^1.0.0"

"graceful-readlink@>= 1.0.0":
  version "1.0.1"
  resolved "https://registry.yarnpkg.com/graceful-readlink/-/graceful-readlink-1.0.1.tgz#4cafad76bc62f02fa039b2f94e9a3dd3a391a725"

help-me@^1.0.1:
  version "1.1.0"
  resolved "https://registry.yarnpkg.com/help-me/-/help-me-1.1.0.tgz#8f2d508d0600b4a456da2f086556e7e5c056a3c6"
  dependencies:
    callback-stream "^1.0.2"
    glob-stream "^6.1.0"
    through2 "^2.0.1"
    xtend "^4.0.0"

hoek@2.x.x:
  version "2.16.3"
  resolved "https://registry.yarnpkg.com/hoek/-/hoek-2.16.3.tgz#20bb7403d3cea398e91dc4710a8ff1b8274a25ed"

inflight@^1.0.4:
  version "1.0.6"
  resolved "https://registry.yarnpkg.com/inflight/-/inflight-1.0.6.tgz#49bd6331d7d02d0c09bc910a1075ba8165b56df9"
  dependencies:
    once "^1.3.0"
    wrappy "1"

inherits@2, inherits@^2.0.1, inherits@^2.0.3, inherits@~2.0.1:
  version "2.0.3"
  resolved "https://registry.yarnpkg.com/inherits/-/inherits-2.0.3.tgz#633c2c83e3da42a502f52466022480f4208261de"

is-absolute@^0.2.5:
  version "0.2.6"
  resolved "https://registry.yarnpkg.com/is-absolute/-/is-absolute-0.2.6.tgz#20de69f3db942ef2d87b9c2da36f172235b1b5eb"
  dependencies:
    is-relative "^0.2.1"
    is-windows "^0.2.0"

is-extendable@^0.1.0:
  version "0.1.1"
  resolved "https://registry.yarnpkg.com/is-extendable/-/is-extendable-0.1.1.tgz#62b110e289a471418e3ec36a617d472e301dfc89"

is-extglob@^2.1.0:
  version "2.1.1"
  resolved "https://registry.yarnpkg.com/is-extglob/-/is-extglob-2.1.1.tgz#a88c02535791f02ed37c76a1b9ea9773c833f8c2"

is-glob@^3.1.0:
  version "3.1.0"
  resolved "https://registry.yarnpkg.com/is-glob/-/is-glob-3.1.0.tgz#7ba5ae24217804ac70707b96922567486cc3e84a"
  dependencies:
    is-extglob "^2.1.0"

is-negated-glob@^1.0.0:
  version "1.0.0"
  resolved "https://registry.yarnpkg.com/is-negated-glob/-/is-negated-glob-1.0.0.tgz#6910bca5da8c95e784b5751b976cf5a10fee36d2"

is-relative@^0.2.1:
  version "0.2.1"
  resolved "https://registry.yarnpkg.com/is-relative/-/is-relative-0.2.1.tgz#d27f4c7d516d175fb610db84bbeef23c3bc97aa5"
  dependencies:
    is-unc-path "^0.1.1"

is-unc-path@^0.1.1:
  version "0.1.2"
  resolved "https://registry.yarnpkg.com/is-unc-path/-/is-unc-path-0.1.2.tgz#6ab053a72573c10250ff416a3814c35178af39b9"
  dependencies:
    unc-path-regex "^0.1.0"

is-windows@^0.2.0:
  version "0.2.0"
  resolved "https://registry.yarnpkg.com/is-windows/-/is-windows-0.2.0.tgz#de1aa6d63ea29dd248737b69f1ff8b8002d2108c"

isarray@~1.0.0:
  version "1.0.0"
  resolved "https://registry.yarnpkg.com/isarray/-/isarray-1.0.0.tgz#bb935d48582cba168c06834957a54a3e07124f11"

isemail@1.x.x:
  version "1.2.0"
  resolved "https://registry.yarnpkg.com/isemail/-/isemail-1.2.0.tgz#be03df8cc3e29de4d2c5df6501263f1fa4595e9a"

joi@^6.10.1:
  version "6.10.1"
  resolved "https://registry.yarnpkg.com/joi/-/joi-6.10.1.tgz#4d50c318079122000fe5f16af1ff8e1917b77e06"
  dependencies:
    hoek "2.x.x"
    isemail "1.x.x"
    moment "2.x.x"
    topo "1.x.x"

json-stable-stringify@^1.0.0:
  version "1.0.1"
  resolved "https://registry.yarnpkg.com/json-stable-stringify/-/json-stable-stringify-1.0.1.tgz#9a759d39c5f2ff503fd5300646ed445f88c4f9af"
  dependencies:
    jsonify "~0.0.0"

jsonify@~0.0.0:
  version "0.0.0"
  resolved "https://registry.yarnpkg.com/jsonify/-/jsonify-0.0.0.tgz#2c74b6ee41d93ca51b7b5aaee8f503631d252a73"

jsonwebtoken@7.4.1:
  version "7.4.1"
  resolved "https://registry.yarnpkg.com/jsonwebtoken/-/jsonwebtoken-7.4.1.tgz#7ca324f5215f8be039cd35a6c45bb8cb74a448fb"
  dependencies:
    joi "^6.10.1"
    jws "^3.1.4"
    lodash.once "^4.0.0"
    ms "^2.0.0"
    xtend "^4.0.1"

jwa@^1.1.4:
  version "1.1.5"
  resolved "https://registry.yarnpkg.com/jwa/-/jwa-1.1.5.tgz#a0552ce0220742cd52e153774a32905c30e756e5"
  dependencies:
    base64url "2.0.0"
    buffer-equal-constant-time "1.0.1"
    ecdsa-sig-formatter "1.0.9"
    safe-buffer "^5.0.1"

jws@^3.1.4:
  version "3.1.4"
  resolved "https://registry.yarnpkg.com/jws/-/jws-3.1.4.tgz#f9e8b9338e8a847277d6444b1464f61880e050a2"
  dependencies:
    base64url "^2.0.0"
    jwa "^1.1.4"
    safe-buffer "^5.0.1"

leven@^1.0.0:
  version "1.0.2"
  resolved "https://registry.yarnpkg.com/leven/-/leven-1.0.2.tgz#9144b6eebca5f1d0680169f1a6770dcea60b75c3"

lodash.once@^4.0.0:
  version "4.1.1"
  resolved "https://registry.yarnpkg.com/lodash.once/-/lodash.once-4.1.1.tgz#0dd3971213c7c56df880977d504c88fb471a97ac"

minimatch@^3.0.4:
  version "3.0.4"
  resolved "https://registry.yarnpkg.com/minimatch/-/minimatch-3.0.4.tgz#5166e286457f03306064be5497e8dbb0c3d32083"
  dependencies:
    brace-expansion "^1.1.7"

minimist@^1.1.0, minimist@^1.2.0:
  version "1.2.0"
  resolved "https://registry.yarnpkg.com/minimist/-/minimist-1.2.0.tgz#a35008b20f41383eec1fb914f4cd5df79a264284"

moment@2.x.x:
  version "2.18.1"
  resolved "https://registry.yarnpkg.com/moment/-/moment-2.18.1.tgz#c36193dd3ce1c2eed2adb7c802dbbc77a81b1c0f"

mqtt-packet@^5.2.1:
  version "5.3.0"
  resolved "https://registry.yarnpkg.com/mqtt-packet/-/mqtt-packet-5.3.0.tgz#078ed59ae4c06febf3b3eaca90b50e97e269f206"
  dependencies:
    bl "^1.2.0"
    inherits "^2.0.3"
    process-nextick-args "^1.0.7"
    safe-buffer "^5.0.1"

mqtt@2.7.2:
  version "2.7.2"
  resolved "https://registry.yarnpkg.com/mqtt/-/mqtt-2.7.2.tgz#5a1d41dbd3d3d0c74527ee1f34fab813224ba734"
  dependencies:
    commist "^1.0.0"
    concat-stream "^1.6.0"
    end-of-stream "^1.1.0"
    help-me "^1.0.1"
    inherits "^2.0.3"
    minimist "^1.2.0"
    mqtt-packet "^5.2.1"
    pump "^1.0.2"
    readable-stream "^2.2.9"
    reinterval "^1.1.0"
    split2 "^2.1.1"
    websocket-stream "^4.0.0"
    xtend "^4.0.1"

ms@^2.0.0:
  version "2.0.0"
  resolved "https://registry.yarnpkg.com/ms/-/ms-2.0.0.tgz#5608aeadfc00be6c2901df5f9861788de0d597c8"

once@^1.3.0, once@^1.3.1, once@^1.4.0:
  version "1.4.0"
  resolved "https://registry.yarnpkg.com/once/-/once-1.4.0.tgz#583b1aa775961d4b113ac17d9c50baef9dd76bd1"
  dependencies:
    wrappy "1"

once@~1.3.0:
  version "1.3.3"
  resolved "https://registry.yarnpkg.com/once/-/once-1.3.3.tgz#b2e261557ce4c314ec8304f3fa82663e4297ca20"
  dependencies:
    wrappy "1"

ordered-read-streams@^1.0.0:
  version "1.0.1"
  resolved "https://registry.yarnpkg.com/ordered-read-streams/-/ordered-read-streams-1.0.1.tgz#77c0cb37c41525d64166d990ffad7ec6a0e1363e"
  dependencies:
    readable-stream "^2.0.1"

path-dirname@^1.0.0:
  version "1.0.2"
  resolved "https://registry.yarnpkg.com/path-dirname/-/path-dirname-1.0.2.tgz#cc33d24d525e099a5388c0336c6e32b9160609e0"

path-is-absolute@^1.0.0:
  version "1.0.1"
  resolved "https://registry.yarnpkg.com/path-is-absolute/-/path-is-absolute-1.0.1.tgz#174b9268735534ffbc7ace6bf53a5a9e1b5c5f5f"

process-nextick-args@^1.0.7, process-nextick-args@~1.0.6:
  version "1.0.7"
  resolved "https://registry.yarnpkg.com/process-nextick-args/-/process-nextick-args-1.0.7.tgz#150e20b756590ad3f91093f25a4f2ad8bff30ba3"

pump@^1.0.0, pump@^1.0.2:
  version "1.0.2"
  resolved "https://registry.yarnpkg.com/pump/-/pump-1.0.2.tgz#3b3ee6512f94f0e575538c17995f9f16990a5d51"
  dependencies:
    end-of-stream "^1.1.0"
    once "^1.3.1"

pumpify@^1.3.5:
  version "1.3.5"
  resolved "https://registry.yarnpkg.com/pumpify/-/pumpify-1.3.5.tgz#1b671c619940abcaeac0ad0e3a3c164be760993b"
  dependencies:
    duplexify "^3.1.2"
    inherits "^2.0.1"
    pump "^1.0.0"

"readable-stream@> 1.0.0 < 3.0.0", readable-stream@^2.0.0, readable-stream@^2.0.1, readable-stream@^2.0.5, readable-stream@^2.1.5, readable-stream@^2.2.0, readable-stream@^2.2.2, readable-stream@^2.2.9:
  version "2.2.9"
  resolved "https://registry.yarnpkg.com/readable-stream/-/readable-stream-2.2.9.tgz#cf78ec6f4a6d1eb43d26488cac97f042e74b7fc8"
  dependencies:
    buffer-shims "~1.0.0"
    core-util-is "~1.0.0"
    inherits "~2.0.1"
    isarray "~1.0.0"
    process-nextick-args "~1.0.6"
    string_decoder "~1.0.0"
    util-deprecate "~1.0.1"

reinterval@^1.1.0:
  version "1.1.0"
  resolved "https://registry.yarnpkg.com/reinterval/-/reinterval-1.1.0.tgz#3361ecfa3ca6c18283380dd0bb9546f390f5ece7"

remove-trailing-separator@^1.0.1:
  version "1.0.1"
  resolved "https://registry.yarnpkg.com/remove-trailing-separator/-/remove-trailing-separator-1.0.1.tgz#615ebb96af559552d4bf4057c8436d486ab63cc4"

safe-buffer@^5.0.1, safe-buffer@~5.0.1:
  version "5.0.1"
  resolved "https://registry.yarnpkg.com/safe-buffer/-/safe-buffer-5.0.1.tgz#d263ca54696cd8a306b5ca6551e92de57918fbe7"

split2@^2.1.1:
  version "2.1.1"
  resolved "https://registry.yarnpkg.com/split2/-/split2-2.1.1.tgz#7a1f551e176a90ecd3345f7246a0cfe175ef4fd0"
  dependencies:
    through2 "^2.0.2"

stream-shift@^1.0.0:
  version "1.0.0"
  resolved "https://registry.yarnpkg.com/stream-shift/-/stream-shift-1.0.0.tgz#d5c752825e5367e786f78e18e445ea223a155952"

string_decoder@~1.0.0:
  version "1.0.1"
  resolved "https://registry.yarnpkg.com/string_decoder/-/string_decoder-1.0.1.tgz#62e200f039955a6810d8df0a33ffc0f013662d98"
  dependencies:
    safe-buffer "^5.0.1"

through2-filter@^2.0.0:
  version "2.0.0"
  resolved "https://registry.yarnpkg.com/through2-filter/-/through2-filter-2.0.0.tgz#60bc55a0dacb76085db1f9dae99ab43f83d622ec"
  dependencies:
    through2 "~2.0.0"
    xtend "~4.0.0"

through2@^2.0.1, through2@^2.0.2, through2@~2.0.0:
  version "2.0.3"
  resolved "https://registry.yarnpkg.com/through2/-/through2-2.0.3.tgz#0004569b37c7c74ba39c43f3ced78d1ad94140be"
  dependencies:
    readable-stream "^2.1.5"
    xtend "~4.0.1"

to-absolute-glob@^2.0.0:
  version "2.0.1"
  resolved "https://registry.yarnpkg.com/to-absolute-glob/-/to-absolute-glob-2.0.1.tgz#70c375805b9e3105e899ee8dbdd6a9aa108f407b"
  dependencies:
    extend-shallow "^2.0.1"
    is-absolute "^0.2.5"
    is-negated-glob "^1.0.0"

topo@1.x.x:
  version "1.1.0"
  resolved "https://registry.yarnpkg.com/topo/-/topo-1.1.0.tgz#e9d751615d1bb87dc865db182fa1ca0a5ef536d5"
  dependencies:
    hoek "2.x.x"

typedarray@^0.0.6:
  version "0.0.6"
  resolved "https://registry.yarnpkg.com/typedarray/-/typedarray-0.0.6.tgz#867ac74e3864187b1d3d47d996a78ec5c8830777"

ultron@~1.1.0:
  version "1.1.0"
  resolved "https://registry.yarnpkg.com/ultron/-/ultron-1.1.0.tgz#b07a2e6a541a815fc6a34ccd4533baec307ca864"

unc-path-regex@^0.1.0:
  version "0.1.2"
  resolved "https://registry.yarnpkg.com/unc-path-regex/-/unc-path-regex-0.1.2.tgz#e73dd3d7b0d7c5ed86fbac6b0ae7d8c6a69d50fa"

unique-stream@^2.0.2:
  version "2.2.1"
  resolved "https://registry.yarnpkg.com/unique-stream/-/unique-stream-2.2.1.tgz#5aa003cfbe94c5ff866c4e7d668bb1c4dbadb369"
  dependencies:
    json-stable-stringify "^1.0.0"
    through2-filter "^2.0.0"

util-deprecate@~1.0.1:
  version "1.0.2"
  resolved "https://registry.yarnpkg.com/util-deprecate/-/util-deprecate-1.0.2.tgz#450d4dc9fa70de732762fbd2d4a28981419a0ccf"

websocket-stream@^4.0.0:
  version "4.0.0"
  resolved "https://registry.yarnpkg.com/websocket-stream/-/websocket-stream-4.0.0.tgz#358386cab1b0070e17b32b437f74f1bc19e13890"
  dependencies:
    duplexify "^3.2.0"
    inherits "^2.0.1"
    readable-stream "^2.2.0"
    safe-buffer "^5.0.1"
    ws "^2.2.3"
    xtend "^4.0.0"

wrappy@1:
  version "1.0.2"
  resolved "https://registry.yarnpkg.com/wrappy/-/wrappy-1.0.2.tgz#b5243d8f3ec1aa35f1364605bc0d1036e30ab69f"

ws@^2.2.3:
  version "2.3.1"
  resolved "https://registry.yarnpkg.com/ws/-/ws-2.3.1.tgz#6b94b3e447cb6a363f785eaf94af6359e8e81c80"
  dependencies:
    safe-buffer "~5.0.1"
    ultron "~1.1.0"

xtend@^4.0.0, xtend@^4.0.1, xtend@~4.0.0, xtend@~4.0.1:
  version "4.0.1"
  resolved "https://registry.yarnpkg.com/xtend/-/xtend-4.0.1.tgz#a5c6d532be656e23db820efb943a1f04998d63af"
