# THIS IS AN AUTOGENERATED FILE. DO NOT EDIT THIS FILE DIRECTLY.
# yarn lockfile v1


ansi-styles@~1.0.0:
  version "1.0.0"
  resolved "https://registry.yarnpkg.com/ansi-styles/-/ansi-styles-1.0.0.tgz#cb102df1c56f5123eab8b67cd7b98027a0279178"

async@0.9.x:
  version "0.9.2"
  resolved "https://registry.yarnpkg.com/async/-/async-0.9.2.tgz#aea74d5e61c1f899613bf64bda66d4c78f2fd17d"

async@~0.2.9:
  version "0.2.10"
  resolved "https://registry.yarnpkg.com/async/-/async-0.2.10.tgz#b6bbe0b0674b9d719708ca38de8c237cb526c3d1"

balanced-match@^0.4.1:
  version "0.4.2"
  resolved "https://registry.yarnpkg.com/balanced-match/-/balanced-match-0.4.2.tgz#cb3f3e3c732dc0f01ee70b403f302e61d7709838"

barista@0.2.x:
  version "0.2.0"
  resolved "https://registry.yarnpkg.com/barista/-/barista-0.2.0.tgz#b6fc1b31488811bec1fcf1d5ea8bb3bdd9d5e716"
  dependencies:
    inflection "*"

brace-expansion@^1.0.0:
  version "1.1.6"
  resolved "https://registry.yarnpkg.com/brace-expansion/-/brace-expansion-1.1.6.tgz#7197d7eaa9b87e648390ea61fc66c84427420df9"
  dependencies:
    balanced-match "^0.4.1"
    concat-map "0.0.1"

chalk@0.4.x, chalk@^0.4.0:
  version "0.4.0"
  resolved "https://registry.yarnpkg.com/chalk/-/chalk-0.4.0.tgz#5199a3ddcd0c1efe23bc08c1b027b06176e0c64f"
  dependencies:
    ansi-styles "~1.0.0"
    has-color "~0.1.0"
    strip-ansi "~0.1.0"

concat-map@0.0.1:
  version "0.0.1"
  resolved "https://registry.yarnpkg.com/concat-map/-/concat-map-0.0.1.tgz#d8a96bd77fd68df7793a73036a3ba0d5405d477b"

filelist@0.0.x:
  version "0.0.6"
  resolved "https://registry.yarnpkg.com/filelist/-/filelist-0.0.6.tgz#58a641ad1f57574a27fe87a440ef318834b55719"
  dependencies:
    minimatch "^3.0.3"
    utilities "^0.0.37"

geddy@13.0.8:
  version "13.0.8"
  resolved "https://registry.yarnpkg.com/geddy/-/geddy-13.0.8.tgz#703934fb2d2712087e556876e98ec7933151eb39"
  dependencies:
    barista "0.2.x"
    chalk "^0.4.0"
    jake "8.0.x"
    mime "1.2.x"
    model "6.0.x"
    tlsopts "0.0.1"
    utilities "1.0.x"

has-color@~0.1.0:
  version "0.1.7"
  resolved "https://registry.yarnpkg.com/has-color/-/has-color-0.1.7.tgz#67144a5260c34fc3cca677d041daf52fe7b78b2f"

inflection@*:
  version "1.10.0"
  resolved "https://registry.yarnpkg.com/inflection/-/inflection-1.10.0.tgz#5bffcb1197ad3e81050f8e17e21668087ee9eb2f"

jake@8.0.x:
  version "8.0.15"
  resolved "https://registry.yarnpkg.com/jake/-/jake-8.0.15.tgz#f0da7d58e790ac1a8f86e6ee0f193e5d9230eabb"
  dependencies:
    async "0.9.x"
    chalk "0.4.x"
    filelist "0.0.x"
    minimatch "3.x"
    utilities "1.0.x"

mime@1.2.x:
  version "1.2.11"
  resolved "https://registry.yarnpkg.com/mime/-/mime-1.2.11.tgz#58203eed86e3a5ef17aed2b7d9ebd47f0a60dd10"

minimatch@3.x, minimatch@^3.0.3:
  version "3.0.3"
  resolved "https://registry.yarnpkg.com/minimatch/-/minimatch-3.0.3.tgz#2a4e4090b96b2db06a9d7df01055a62a77c9b774"
  dependencies:
    brace-expansion "^1.0.0"

model@6.0.x:
  version "6.0.1"
  resolved "https://registry.yarnpkg.com/model/-/model-6.0.1.tgz#db70e97ba5d452d06b79e8789358c0ba45292f2e"
  dependencies:
    utilities "1.0.x"

strip-ansi@~0.1.0:
  version "0.1.1"
  resolved "https://registry.yarnpkg.com/strip-ansi/-/strip-ansi-0.1.1.tgz#39e8a98d044d150660abe4a6808acf70bb7bc991"

tlsopts@0.0.1:
  version "0.0.1"
  resolved "https://registry.yarnpkg.com/tlsopts/-/tlsopts-0.0.1.tgz#1a184fe33304d09dfd0db2341b8842075e928eeb"
  dependencies:
    async "~0.2.9"

utilities@1.0.x:
  version "1.0.4"
  resolved "https://registry.yarnpkg.com/utilities/-/utilities-1.0.4.tgz#0c7bd13257cb3fad62c385c1a62ba66de213f150"

utilities@^0.0.37:
  version "0.0.37"
  resolved "https://registry.yarnpkg.com/utilities/-/utilities-0.0.37.tgz#a3470d0a7f688142d9e8a57cee1128f12e19e196"
